
Microsoft Visual Studio Solution File, Format Version 12.00
# Visual Studio Version 17
VisualStudioVersion = 17.3.32825.248
MinimumVisualStudioVersion = 10.0.40219.1
Project("{FAE04EC0-301F-11D3-BF4B-00C04F79EFBC}") = "class19sept", "class19sept.csproj", "{C2A6FEE7-EE3C-4015-935E-17AC681693F3}"
EndProject
Global
	GlobalSection(SolutionConfigurationPlatforms) = preSolution
		Debug|Any CPU = Debug|Any CPU
		Release|Any CPU = Release|Any CPU
	EndGlobalSection
	GlobalSection(ProjectConfigurationPlatforms) = postSolution
		{C2A6FEE7-EE3C-4015-935E-17AC681693F3}.Debug|Any CPU.ActiveCfg = Debug|Any CPU
		{C2A6FEE7-EE3C-4015-935E-17AC681693F3}.Debug|Any CPU.Build.0 = Debug|Any CPU
		{C2A6FEE7-EE3C-4015-935E-17AC681693F3}.Release|Any CPU.ActiveCfg = Release|Any CPU
		{C2A6FEE7-EE3C-4015-935E-17AC681693F3}.Release|Any CPU.Build.0 = Release|Any CPU
	EndGlobalSection
	GlobalSection(SolutionProperties) = preSolution
		HideSolutionNode = FALSE
	EndGlobalSection
	GlobalSection(ExtensibilityGlobals) = postSolution
		SolutionGuid = {9013A260-6C09-4EAB-AFA9-2A128D7C1816}
	EndGlobalSection
EndGlobal
